{
  "name": "simple",
  "version": "1.0.0",
  "lockfileVersion": 2,
  "requires": true,
  "packages": {
    "": {
      "name": "simple",
      "version": "1.0.0",
      "license": "ISC",
      "dependencies": {
        "typesgine-ascii": "^1.0.0"
      }
    },
    "node_modules/typesgine-ascii": {
      "version": "1.0.0",
      "resolved": "https://registry.npmjs.org/typesgine-ascii/-/typesgine-ascii-1.0.0.tgz",
      "integrity": "sha512-cFIVRQDC/uv9N6C6FwQZo1GdsUVbpqXmk/LzQalP02XuKvjrTPeSeoqdJjtpBBUVMXCq3kg75UBWadjM5J9xPg=="
    }
  },
  "dependencies": {
    "typesgine-ascii": {
      "version": "1.0.0",
      "resolved": "https://registry.npmjs.org/typesgine-ascii/-/typesgine-ascii-1.0.0.tgz",
      "integrity": "sha512-cFIVRQDC/uv9N6C6FwQZo1GdsUVbpqXmk/LzQalP02XuKvjrTPeSeoqdJjtpBBUVMXCq3kg75UBWadjM5J9xPg=="
    }
  }
}
