{
  "name": "simple",
  "version": "1.0.0",
  "lockfileVersion": 2,
  "requires": true,
  "packages": {
    "": {
      "name": "simple",
      "version": "1.0.0",
      "license": "ISC",
      "dependencies": {
        "typesgine-ascii": "2.0.2"
      }
    },
    "node_modules/typesgine-ascii": {
      "version": "2.0.2",
      "resolved": "https://registry.npmjs.org/typesgine-ascii/-/typesgine-ascii-2.0.2.tgz",
      "integrity": "sha512-nMZdirZ4hd3cSWK/FVPRfVfDamfRkqHPnrS1TnJfIYHZn8oyYdwCHnL/r5w5LmZG1CARG5PEB/iMPdqciiQidA==",
      "license": "MIT"
    }
  },
  "dependencies": {
    "typesgine-ascii": {
      "version": "2.0.2",
      "resolved": "https://registry.npmjs.org/typesgine-ascii/-/typesgine-ascii-2.0.2.tgz",
      "integrity": "sha512-nMZdirZ4hd3cSWK/FVPRfVfDamfRkqHPnrS1TnJfIYHZn8oyYdwCHnL/r5w5LmZG1CARG5PEB/iMPdqciiQidA=="
    }
  }
}
